// !$*UTF8*$!
{
	archiveVersion = 1;
	classes = {
	};
	objectVersion = 50;
	objects = {

/* Begin PBXBuildFile section */
		DDB713A7288973F735136FEB /* Pods_PerfectiOS.framework in Frameworks */ = {isa = PBXBuildFile; fileRef = 72B7AF29B30123CDB2616A20 /* Pods_PerfectiOS.framework */; };
		F1C0911E22787FD8003236CF /* AppDelegate.swift in Sources */ = {isa = PBXBuildFile; fileRef = F1C0911D22787FD8003236CF /* AppDelegate.swift */; };
		F1C0912022787FD8003236CF /* ViewController.swift in Sources */ = {isa = PBXBuildFile; fileRef = F1C0911F22787FD8003236CF /* ViewController.swift */; };
		F1C0912522787FD9003236CF /* Assets.xcassets in Resources */ = {isa = PBXBuildFile; fileRef = F1C0912422787FD9003236CF /* Assets.xcassets */; };
		F1C0912822787FD9003236CF /* LaunchScreen.storyboard in Resources */ = {isa = PBXBuildFile; fileRef = F1C0912622787FD9003236CF /* LaunchScreen.storyboard */; };
		FA24B40E227979D60008E425 /* Constants.swift in Sources */ = {isa = PBXBuildFile; fileRef = FA24B40D227979D60008E425 /* Constants.swift */; };
		FA24B42222798FEE0008E425 /* RandomAPI.swift in Sources */ = {isa = PBXBuildFile; fileRef = FA24B42022798FEE0008E425 /* RandomAPI.swift */; };
		FA24B42322798FEE0008E425 /* RandomService.swift in Sources */ = {isa = PBXBuildFile; fileRef = FA24B42122798FEE0008E425 /* RandomService.swift */; };
		FA24B4262279A97F0008E425 /* Person.swift in Sources */ = {isa = PBXBuildFile; fileRef = FA24B4252279A97F0008E425 /* Person.swift */; };
/* End PBXBuildFile section */

/* Begin PBXFileReference section */
		0AA7AA0042E9E8C5EA8FD111 /* Pods-PerfectiOS.release.xcconfig */ = {isa = PBXFileReference; includeInIndex = 1; lastKnownFileType = text.xcconfig; name = "Pods-PerfectiOS.release.xcconfig"; path = "Target Support Files/Pods-PerfectiOS/Pods-PerfectiOS.release.xcconfig"; sourceTree = "<group>"; };
		72B7AF29B30123CDB2616A20 /* Pods_PerfectiOS.framework */ = {isa = PBXFileReference; explicitFileType = wrapper.framework; includeInIndex = 0; path = Pods_PerfectiOS.framework; sourceTree = BUILT_PRODUCTS_DIR; };
		C25B34A041E86C027006FACE /* Pods-PerfectiOS.debug.xcconfig */ = {isa = PBXFileReference; includeInIndex = 1; lastKnownFileType = text.xcconfig; name = "Pods-PerfectiOS.debug.xcconfig"; path = "Target Support Files/Pods-PerfectiOS/Pods-PerfectiOS.debug.xcconfig"; sourceTree = "<group>"; };
		F1C0911A22787FD8003236CF /* PerfectiOS.app */ = {isa = PBXFileReference; explicitFileType = wrapper.application; includeInIndex = 0; path = PerfectiOS.app; sourceTree = BUILT_PRODUCTS_DIR; };
		F1C0911D22787FD8003236CF /* AppDelegate.swift */ = {isa = PBXFileReference; lastKnownFileType = sourcecode.swift; path = AppDelegate.swift; sourceTree = "<group>"; };
		F1C0911F22787FD8003236CF /* ViewController.swift */ = {isa = PBXFileReference; lastKnownFileType = sourcecode.swift; path = ViewController.swift; sourceTree = "<group>"; };
		F1C0912422787FD9003236CF /* Assets.xcassets */ = {isa = PBXFileReference; lastKnownFileType = folder.assetcatalog; path = Assets.xcassets; sourceTree = "<group>"; };
		F1C0912722787FD9003236CF /* Base */ = {isa = PBXFileReference; lastKnownFileType = file.storyboard; name = Base; path = Base.lproj/LaunchScreen.storyboard; sourceTree = "<group>"; };
		F1C0912922787FD9003236CF /* Info.plist */ = {isa = PBXFileReference; lastKnownFileType = text.plist.xml; path = Info.plist; sourceTree = "<group>"; };
		FA24B40D227979D60008E425 /* Constants.swift */ = {isa = PBXFileReference; lastKnownFileType = sourcecode.swift; path = Constants.swift; sourceTree = "<group>"; };
		FA24B42022798FEE0008E425 /* RandomAPI.swift */ = {isa = PBXFileReference; lastKnownFileType = sourcecode.swift; path = RandomAPI.swift; sourceTree = "<group>"; };
		FA24B42122798FEE0008E425 /* RandomService.swift */ = {isa = PBXFileReference; lastKnownFileType = sourcecode.swift; path = RandomService.swift; sourceTree = "<group>"; };
		FA24B4252279A97F0008E425 /* Person.swift */ = {isa = PBXFileReference; lastKnownFileType = sourcecode.swift; path = Person.swift; sourceTree = "<group>"; };
/* End PBXFileReference section */

/* Begin PBXFrameworksBuildPhase section */
		F1C0911722787FD8003236CF /* Frameworks */ = {
			isa = PBXFrameworksBuildPhase;
			buildActionMask = 2147483647;
			files = (
				DDB713A7288973F735136FEB /* Pods_PerfectiOS.framework in Frameworks */,
			);
			runOnlyForDeploymentPostprocessing = 0;
		};
/* End PBXFrameworksBuildPhase section */

/* Begin PBXGroup section */
		1E981CE457F68700C07B3289 /* Frameworks */ = {
			isa = PBXGroup;
			children = (
				72B7AF29B30123CDB2616A20 /* Pods_PerfectiOS.framework */,
			);
			name = Frameworks;
			sourceTree = "<group>";
		};
		64EDC91BE049BDC5502DCEE1 /* Pods */ = {
			isa = PBXGroup;
			children = (
				C25B34A041E86C027006FACE /* Pods-PerfectiOS.debug.xcconfig */,
				0AA7AA0042E9E8C5EA8FD111 /* Pods-PerfectiOS.release.xcconfig */,
			);
			path = Pods;
			sourceTree = "<group>";
		};
		F1C0911122787FD8003236CF = {
			isa = PBXGroup;
			children = (
				F1C0911C22787FD8003236CF /* PerfectiOS */,
				F1C0911B22787FD8003236CF /* Products */,
				64EDC91BE049BDC5502DCEE1 /* Pods */,
				1E981CE457F68700C07B3289 /* Frameworks */,
			);
			sourceTree = "<group>";
		};
		F1C0911B22787FD8003236CF /* Products */ = {
			isa = PBXGroup;
			children = (
				F1C0911A22787FD8003236CF /* PerfectiOS.app */,
			);
			name = Products;
			sourceTree = "<group>";
		};
		F1C0911C22787FD8003236CF /* PerfectiOS */ = {
			isa = PBXGroup;
			children = (
				FA24B4242279A9690008E425 /* Models */,
				F1C0911D22787FD8003236CF /* AppDelegate.swift */,
				FA24B40C2279789B0008E425 /* Common */,
				F1C0912F22788011003236CF /* Screens */,
				FA24B40F22797D8E0008E425 /* Services */,
				F1C0912422787FD9003236CF /* Assets.xcassets */,
				F1C0912622787FD9003236CF /* LaunchScreen.storyboard */,
				F1C0912922787FD9003236CF /* Info.plist */,
			);
			path = PerfectiOS;
			sourceTree = "<group>";
		};
		F1C0912F22788011003236CF /* Screens */ = {
			isa = PBXGroup;
			children = (
				F1C0911F22787FD8003236CF /* ViewController.swift */,
			);
			path = Screens;
			sourceTree = "<group>";
		};
		FA24B40C2279789B0008E425 /* Common */ = {
			isa = PBXGroup;
			children = (
				FA24B40D227979D60008E425 /* Constants.swift */,
			);
			path = Common;
			sourceTree = "<group>";
		};
		FA24B40F22797D8E0008E425 /* Services */ = {
			isa = PBXGroup;
			children = (
				FA24B42022798FEE0008E425 /* RandomAPI.swift */,
				FA24B42122798FEE0008E425 /* RandomService.swift */,
			);
			path = Services;
			sourceTree = "<group>";
		};
		FA24B4242279A9690008E425 /* Models */ = {
			isa = PBXGroup;
			children = (
				FA24B4252279A97F0008E425 /* Person.swift */,
			);
			path = Models;
			sourceTree = "<group>";
		};
/* End PBXGroup section */

/* Begin PBXNativeTarget section */
		F1C0911922787FD8003236CF /* PerfectiOS */ = {
			isa = PBXNativeTarget;
			buildConfigurationList = F1C0912C22787FD9003236CF /* Build configuration list for PBXNativeTarget "PerfectiOS" */;
			buildPhases = (
				9A9CCE681D8EB058B52253DB /* [CP] Check Pods Manifest.lock */,
				F1C0911622787FD8003236CF /* Sources */,
				F1C0911722787FD8003236CF /* Frameworks */,
				F1C0911822787FD8003236CF /* Resources */,
				731846A88F86670DFF5704D0 /* [CP] Embed Pods Frameworks */,
			);
			buildRules = (
			);
			dependencies = (
			);
			name = PerfectiOS;
			productName = PerfectiOS;
			productReference = F1C0911A22787FD8003236CF /* PerfectiOS.app */;
			productType = "com.apple.product-type.application";
		};
/* End PBXNativeTarget section */

/* Begin PBXProject section */
		F1C0911222787FD8003236CF /* Project object */ = {
			isa = PBXProject;
			attributes = {
				LastSwiftUpdateCheck = 1020;
				LastUpgradeCheck = 1020;
				ORGANIZATIONNAME = Fun;
				TargetAttributes = {
					F1C0911922787FD8003236CF = {
						CreatedOnToolsVersion = 10.2.1;
					};
				};
			};
			buildConfigurationList = F1C0911522787FD8003236CF /* Build configuration list for PBXProject "PerfectiOS" */;
			compatibilityVersion = "Xcode 9.3";
			developmentRegion = en;
			hasScannedForEncodings = 0;
			knownRegions = (
				en,
				Base,
			);
			mainGroup = F1C0911122787FD8003236CF;
			productRefGroup = F1C0911B22787FD8003236CF /* Products */;
			projectDirPath = "";
			projectRoot = "";
			targets = (
				F1C0911922787FD8003236CF /* PerfectiOS */,
			);
		};
/* End PBXProject section */

/* Begin PBXResourcesBuildPhase section */
		F1C0911822787FD8003236CF /* Resources */ = {
			isa = PBXResourcesBuildPhase;
			buildActionMask = 2147483647;
			files = (
				F1C0912822787FD9003236CF /* LaunchScreen.storyboard in Resources */,
				F1C0912522787FD9003236CF /* Assets.xcassets in Resources */,
			);
			runOnlyForDeploymentPostprocessing = 0;
		};
/* End PBXResourcesBuildPhase section */

/* Begin PBXShellScriptBuildPhase section */
		731846A88F86670DFF5704D0 /* [CP] Embed Pods Frameworks */ = {
			isa = PBXShellScriptBuildPhase;
			buildActionMask = 2147483647;
			files = (
			);
			inputFileListPaths = (
			);
			inputPaths = (
				"${PODS_ROOT}/Target Support Files/Pods-PerfectiOS/Pods-PerfectiOS-frameworks.sh",
				"${BUILT_PRODUCTS_DIR}/Alamofire/Alamofire.framework",
				"${BUILT_PRODUCTS_DIR}/Moya/Moya.framework",
				"${BUILT_PRODUCTS_DIR}/Result/Result.framework",
				"${BUILT_PRODUCTS_DIR}/RxCocoa/RxCocoa.framework",
				"${BUILT_PRODUCTS_DIR}/RxSwift/RxSwift.framework",
			);
			name = "[CP] Embed Pods Frameworks";
			outputFileListPaths = (
			);
			outputPaths = (
				"${TARGET_BUILD_DIR}/${FRAMEWORKS_FOLDER_PATH}/Alamofire.framework",
				"${TARGET_BUILD_DIR}/${FRAMEWORKS_FOLDER_PATH}/Moya.framework",
				"${TARGET_BUILD_DIR}/${FRAMEWORKS_FOLDER_PATH}/Result.framework",
				"${TARGET_BUILD_DIR}/${FRAMEWORKS_FOLDER_PATH}/RxCocoa.framework",
				"${TARGET_BUILD_DIR}/${FRAMEWORKS_FOLDER_PATH}/RxSwift.framework",
			);
			runOnlyForDeploymentPostprocessing = 0;
			shellPath = /bin/sh;
			shellScript = "\"${PODS_ROOT}/Target Support Files/Pods-PerfectiOS/Pods-PerfectiOS-frameworks.sh\"\n";
			showEnvVarsInLog = 0;
		};
		9A9CCE681D8EB058B52253DB /* [CP] Check Pods Manifest.lock */ = {
			isa = PBXShellScriptBuildPhase;
			buildActionMask = 2147483647;
			files = (
			);
			inputFileListPaths = (
			);
			inputPaths = (
				"${PODS_PODFILE_DIR_PATH}/Podfile.lock",
				"${PODS_ROOT}/Manifest.lock",
			);
			name = "[CP] Check Pods Manifest.lock";
			outputFileListPaths = (
			);
			outputPaths = (
				"$(DERIVED_FILE_DIR)/Pods-PerfectiOS-checkManifestLockResult.txt",
			);
			runOnlyForDeploymentPostprocessing = 0;
			shellPath = /bin/sh;
			shellScript = "diff \"${PODS_PODFILE_DIR_PATH}/Podfile.lock\" \"${PODS_ROOT}/Manifest.lock\" > /dev/null\nif [ $? != 0 ] ; then\n    # print error to STDERR\n    echo \"error: The sandbox is not in sync with the Podfile.lock. Run 'pod install' or update your CocoaPods installation.\" >&2\n    exit 1\nfi\n# This output is used by Xcode 'outputs' to avoid re-running this script phase.\necho \"SUCCESS\" > \"${SCRIPT_OUTPUT_FILE_0}\"\n";
			showEnvVarsInLog = 0;
		};
/* End PBXShellScriptBuildPhase section */

/* Begin PBXSourcesBuildPhase section */
		F1C0911622787FD8003236CF /* Sources */ = {
			isa = PBXSourcesBuildPhase;
			buildActionMask = 2147483647;
			files = (
				FA24B4262279A97F0008E425 /* Person.swift in Sources */,
				F1C0912022787FD8003236CF /* ViewController.swift in Sources */,
				FA24B42222798FEE0008E425 /* RandomAPI.swift in Sources */,
				F1C0911E22787FD8003236CF /* AppDelegate.swift in Sources */,
				FA24B40E227979D60008E425 /* Constants.swift in Sources */,
				FA24B42322798FEE0008E425 /* RandomService.swift in Sources */,
			);
			runOnlyForDeploymentPostprocessing = 0;
		};
/* End PBXSourcesBuildPhase section */

/* Begin PBXVariantGroup section */
		F1C0912622787FD9003236CF /* LaunchScreen.storyboard */ = {
			isa = PBXVariantGroup;
			children = (
				F1C0912722787FD9003236CF /* Base */,
			);
			name = LaunchScreen.storyboard;
			sourceTree = "<group>";
		};
/* End PBXVariantGroup section */

/* Begin XCBuildConfiguration section */
		F1C0912A22787FD9003236CF /* Debug */ = {
			isa = XCBuildConfiguration;
			buildSettings = {
				ALWAYS_SEARCH_USER_PATHS = NO;
				CLANG_ANALYZER_NONNULL = YES;
				CLANG_ANALYZER_NUMBER_OBJECT_CONVERSION = YES_AGGRESSIVE;
				CLANG_CXX_LANGUAGE_STANDARD = "gnu++14";
				CLANG_CXX_LIBRARY = "libc++";
				CLANG_ENABLE_MODULES = YES;
				CLANG_ENABLE_OBJC_ARC = YES;
				CLANG_ENABLE_OBJC_WEAK = YES;
				CLANG_WARN_BLOCK_CAPTURE_AUTORELEASING = YES;
				CLANG_WARN_BOOL_CONVERSION = YES;
				CLANG_WARN_COMMA = YES;
				CLANG_WARN_CONSTANT_CONVERSION = YES;
				CLANG_WARN_DEPRECATED_OBJC_IMPLEMENTATIONS = YES;
				CLANG_WARN_DIRECT_OBJC_ISA_USAGE = YES_ERROR;
				CLANG_WARN_DOCUMENTATION_COMMENTS = YES;
				CLANG_WARN_EMPTY_BODY = YES;
				CLANG_WARN_ENUM_CONVERSION = YES;
				CLANG_WARN_INFINITE_RECURSION = YES;
				CLANG_WARN_INT_CONVERSION = YES;
				CLANG_WARN_NON_LITERAL_NULL_CONVERSION = YES;
				CLANG_WARN_OBJC_IMPLICIT_RETAIN_SELF = YES;
				CLANG_WARN_OBJC_LITERAL_CONVERSION = YES;
				CLANG_WARN_OBJC_ROOT_CLASS = YES_ERROR;
				CLANG_WARN_RANGE_LOOP_ANALYSIS = YES;
				CLANG_WARN_STRICT_PROTOTYPES = YES;
				CLANG_WARN_SUSPICIOUS_MOVE = YES;
				CLANG_WARN_UNGUARDED_AVAILABILITY = YES_AGGRESSIVE;
				CLANG_WARN_UNREACHABLE_CODE = YES;
				CLANG_WARN__DUPLICATE_METHOD_MATCH = YES;
				CODE_SIGN_IDENTITY = "iPhone Developer";
				COPY_PHASE_STRIP = NO;
				DEBUG_INFORMATION_FORMAT = dwarf;
				ENABLE_STRICT_OBJC_MSGSEND = YES;
				ENABLE_TESTABILITY = YES;
				GCC_C_LANGUAGE_STANDARD = gnu11;
				GCC_DYNAMIC_NO_PIC = NO;
				GCC_NO_COMMON_BLOCKS = YES;
				GCC_OPTIMIZATION_LEVEL = 0;
				GCC_PREPROCESSOR_DEFINITIONS = (
					"DEBUG=1",
					"$(inherited)",
				);
				GCC_WARN_64_TO_32_BIT_CONVERSION = YES;
				GCC_WARN_ABOUT_RETURN_TYPE = YES_ERROR;
				GCC_WARN_UNDECLARED_SELECTOR = YES;
				GCC_WARN_UNINITIALIZED_AUTOS = YES_AGGRESSIVE;
				GCC_WARN_UNUSED_FUNCTION = YES;
				GCC_WARN_UNUSED_VARIABLE = YES;
				IPHONEOS_DEPLOYMENT_TARGET = 12.2;
				MTL_ENABLE_DEBUG_INFO = INCLUDE_SOURCE;
				MTL_FAST_MATH = YES;
				ONLY_ACTIVE_ARCH = YES;
				SDKROOT = iphoneos;
				SWIFT_ACTIVE_COMPILATION_CONDITIONS = DEBUG;
				SWIFT_OPTIMIZATION_LEVEL = "-Onone";
			};
			name = Debug;
		};
		F1C0912B22787FD9003236CF /* Release */ = {
			isa = XCBuildConfiguration;
			buildSettings = {
				ALWAYS_SEARCH_USER_PATHS = NO;
				CLANG_ANALYZER_NONNULL = YES;
				CLANG_ANALYZER_NUMBER_OBJECT_CONVERSION = YES_AGGRESSIVE;
				CLANG_CXX_LANGUAGE_STANDARD = "gnu++14";
				CLANG_CXX_LIBRARY = "libc++";
				CLANG_ENABLE_MODULES = YES;
				CLANG_ENABLE_OBJC_ARC = YES;
				CLANG_ENABLE_OBJC_WEAK = YES;
				CLANG_WARN_BLOCK_CAPTURE_AUTORELEASING = YES;
				CLANG_WARN_BOOL_CONVERSION = YES;
				CLANG_WARN_COMMA = YES;
				CLANG_WARN_CONSTANT_CONVERSION = YES;
				CLANG_WARN_DEPRECATED_OBJC_IMPLEMENTATIONS = YES;
				CLANG_WARN_DIRECT_OBJC_ISA_USAGE = YES_ERROR;
				CLANG_WARN_DOCUMENTATION_COMMENTS = YES;
				CLANG_WARN_EMPTY_BODY = YES;
				CLANG_WARN_ENUM_CONVERSION = YES;
				CLANG_WARN_INFINITE_RECURSION = YES;
				CLANG_WARN_INT_CONVERSION = YES;
				CLANG_WARN_NON_LITERAL_NULL_CONVERSION = YES;
				CLANG_WARN_OBJC_IMPLICIT_RETAIN_SELF = YES;
				CLANG_WARN_OBJC_LITERAL_CONVERSION = YES;
				CLANG_WARN_OBJC_ROOT_CLASS = YES_ERROR;
				CLANG_WARN_RANGE_LOOP_ANALYSIS = YES;
				CLANG_WARN_STRICT_PROTOTYPES = YES;
				CLANG_WARN_SUSPICIOUS_MOVE = YES;
				CLANG_WARN_UNGUARDED_AVAILABILITY = YES_AGGRESSIVE;
				CLANG_WARN_UNREACHABLE_CODE = YES;
				CLANG_WARN__DUPLICATE_METHOD_MATCH = YES;
				CODE_SIGN_IDENTITY = "iPhone Developer";
				COPY_PHASE_STRIP = NO;
				DEBUG_INFORMATION_FORMAT = "dwarf-with-dsym";
				ENABLE_NS_ASSERTIONS = NO;
				ENABLE_STRICT_OBJC_MSGSEND = YES;
				GCC_C_LANGUAGE_STANDARD = gnu11;
				GCC_NO_COMMON_BLOCKS = YES;
				GCC_WARN_64_TO_32_BIT_CONVERSION = YES;
				GCC_WARN_ABOUT_RETURN_TYPE = YES_ERROR;
				GCC_WARN_UNDECLARED_SELECTOR = YES;
				GCC_WARN_UNINITIALIZED_AUTOS = YES_AGGRESSIVE;
				GCC_WARN_UNUSED_FUNCTION = YES;
				GCC_WARN_UNUSED_VARIABLE = YES;
				IPHONEOS_DEPLOYMENT_TARGET = 12.2;
				MTL_ENABLE_DEBUG_INFO = NO;
				MTL_FAST_MATH = YES;
				SDKROOT = iphoneos;
				SWIFT_COMPILATION_MODE = wholemodule;
				SWIFT_OPTIMIZATION_LEVEL = "-O";
				VALIDATE_PRODUCT = YES;
			};
			name = Release;
		};
		F1C0912D22787FD9003236CF /* Debug */ = {
			isa = XCBuildConfiguration;
			baseConfigurationReference = C25B34A041E86C027006FACE /* Pods-PerfectiOS.debug.xcconfig */;
			buildSettings = {
				ASSETCATALOG_COMPILER_APPICON_NAME = AppIcon;
				CODE_SIGN_IDENTITY = "iPhone Developer";
				CODE_SIGN_STYLE = Automatic;
				DEVELOPMENT_TEAM = RF42FG352F;
				INFOPLIST_FILE = PerfectiOS/Info.plist;
				IPHONEOS_DEPLOYMENT_TARGET = 12.1;
				LD_RUNPATH_SEARCH_PATHS = (
					"$(inherited)",
					"@executable_path/Frameworks",
				);
				PRODUCT_BUNDLE_IDENTIFIER = ru.adeveloper.PerfectiOS;
				PRODUCT_NAME = "$(TARGET_NAME)";
				PROVISIONING_PROFILE_SPECIFIER = "";
				SWIFT_VERSION = 4.2;
				TARGETED_DEVICE_FAMILY = "1,2";
			};
			name = Debug;
		};
		F1C0912E22787FD9003236CF /* Release */ = {
			isa = XCBuildConfiguration;
			baseConfigurationReference = 0AA7AA0042E9E8C5EA8FD111 /* Pods-PerfectiOS.release.xcconfig */;
			buildSettings = {
				ASSETCATALOG_COMPILER_APPICON_NAME = AppIcon;
				CODE_SIGN_IDENTITY = "iPhone Developer";
				CODE_SIGN_STYLE = Automatic;
				DEVELOPMENT_TEAM = RF42FG352F;
				INFOPLIST_FILE = PerfectiOS/Info.plist;
				IPHONEOS_DEPLOYMENT_TARGET = 12.1;
				LD_RUNPATH_SEARCH_PATHS = (
					"$(inherited)",
					"@executable_path/Frameworks",
				);
				PRODUCT_BUNDLE_IDENTIFIER = ru.adeveloper.PerfectiOS;
				PRODUCT_NAME = "$(TARGET_NAME)";
				PROVISIONING_PROFILE_SPECIFIER = "";
				SWIFT_VERSION = 4.2;
				TARGETED_DEVICE_FAMILY = "1,2";
			};
			name = Release;
		};
/* End XCBuildConfiguration section */

/* Begin XCConfigurationList section */
		F1C0911522787FD8003236CF /* Build configuration list for PBXProject "PerfectiOS" */ = {
			isa = XCConfigurationList;
			buildConfigurations = (
				F1C0912A22787FD9003236CF /* Debug */,
				F1C0912B22787FD9003236CF /* Release */,
			);
			defaultConfigurationIsVisible = 0;
			defaultConfigurationName = Release;
		};
		F1C0912C22787FD9003236CF /* Build configuration list for PBXNativeTarget "PerfectiOS" */ = {
			isa = XCConfigurationList;
			buildConfigurations = (
				F1C0912D22787FD9003236CF /* Debug */,
				F1C0912E22787FD9003236CF /* Release */,
			);
			defaultConfigurationIsVisible = 0;
			defaultConfigurationName = Release;
		};
/* End XCConfigurationList section */
	};
	rootObject = F1C0911222787FD8003236CF /* Project object */;
}
